/net/metagenomics/data/from_moni/old.tzuhao/seq2geno/dev_versions/v6/results/gpa.tab_GROUPS
/net/metagenomics/data/from_moni/old.tzuhao/seq2geno/dev_versions/v6/results/gpa.tab_NON-RDNT
/net/metagenomics/data/from_moni/old.tzuhao/seq2geno/dev_versions/v6/results/gpa.tab
/net/metagenomics/data/from_moni/old.tzuhao/seq2geno/dev_versions/v6/results/Paeru.nwk
/net/metagenomics/data/from_moni/old.tzuhao/seq2geno/dev_versions/v6/results/expr.tab
/net/metagenomics/data/from_moni/old.tzuhao/seq2geno/dev_versions/v6/results/nonsyn_snps.tab
/net/metagenomics/data/from_moni/old.tzuhao/seq2geno/dev_versions/v6/results/syn_snps.tab
/net/metagenomics/data/from_moni/old.tzuhao/seq2geno/dev_versions/v6/results/annot.tab
indels_stats.txt
/net/metagenomics/data/from_moni/old.tzuhao/seq2geno/dev_versions/v6/results/nonsyn_snps.tab_GROUPS
/net/metagenomics/data/from_moni/old.tzuhao/seq2geno/dev_versions/v6/results/nonsyn_snps.tab_NON-RDNT
/net/metagenomics/data/from_moni/old.tzuhao/seq2geno/dev_versions/v6/results/syn_snps.tab_GROUPS
/net/metagenomics/data/from_moni/old.tzuhao/seq2geno/dev_versions/v6/results/syn_snps.tab_NON-RDNT
/net/metagenomics/data/from_moni/old.tzuhao/seq2geno/dev_versions/v6/results/annot.tab_GROUPS
/net/metagenomics/data/from_moni/old.tzuhao/seq2geno/dev_versions/v6/results/annot.tab_NON-RDNT
seq2geno_temp/roary/gene_presence_absence.csv
seq2geno_temp/roary/gene_presence_absence.Rtab
seq2geno_temp/OneBig.var.aln
annotations_for_expr.tab
seq2geno_temp/rpg_dict
seq2geno_temp/syn_SNPs.tab
seq2geno_temp/non-syn_SNPs.tab
seq2geno_temp/indel.list
seq2geno_temp/F2097/spades/prokka/F2097.gff
seq2geno_temp/MHH15083/spades/prokka/MHH15083.gff
seq2geno_temp/MHH15103/spades/prokka/MHH15103.gff
seq2geno_temp/F2167/spades/prokka/F2167.gff
seq2geno_temp/CH2502/spades/prokka/CH2502.gff
seq2geno_temp/F1659/spades/prokka/F1659.gff
seq2geno_temp/CH2522/spades/prokka/CH2522.gff
seq2geno_temp/ESP088/spades/prokka/ESP088.gff
seq2geno_temp/CH2500/spades/prokka/CH2500.gff
seq2geno_temp/MHH14911/spades/prokka/MHH14911.gff
seq2geno_temp/OneBig.aln
seq2geno_temp/F1659/rna_sorted.rmdup.rpg
seq2geno_temp/F2167/rna_sorted.rmdup.rpg
seq2geno_temp/CH2500/rna_sorted.rmdup.rpg
seq2geno_temp/CH2502/rna_sorted.rmdup.rpg
seq2geno_temp/MHH15103/rna_sorted.rmdup.rpg
seq2geno_temp/F2097/rna_sorted.rmdup.rpg
seq2geno_temp/ESP088/rna_sorted.rmdup.rpg
seq2geno_temp/MHH14911/rna_sorted.rmdup.rpg
seq2geno_temp/MHH15083/rna_sorted.rmdup.rpg
seq2geno_temp/CH2522/rna_sorted.rmdup.rpg
seq2geno_temp/DNA_Pool1_final.tab
seq2geno_temp/extracted_proteins_nt/__snakemake_dynamic___indels.txt
seq2geno_temp/extracted_proteins_nt/__snakemake_dynamic___indels.gff
seq2geno_temp/extracted_proteins_nt/__snakemake_dynamic___indel_stats.txt
seq2geno_temp/F2097/spades/prokka/de_novo.ffn
seq2geno_temp/F2097/spades/prokka/de_novo.gff
seq2geno_temp/MHH15083/spades/prokka/de_novo.ffn
seq2geno_temp/MHH15083/spades/prokka/de_novo.gff
seq2geno_temp/MHH15103/spades/prokka/de_novo.ffn
seq2geno_temp/MHH15103/spades/prokka/de_novo.gff
seq2geno_temp/F2167/spades/prokka/de_novo.ffn
seq2geno_temp/F2167/spades/prokka/de_novo.gff
seq2geno_temp/CH2502/spades/prokka/de_novo.ffn
seq2geno_temp/CH2502/spades/prokka/de_novo.gff
seq2geno_temp/F1659/spades/prokka/de_novo.ffn
seq2geno_temp/F1659/spades/prokka/de_novo.gff
seq2geno_temp/CH2522/spades/prokka/de_novo.ffn
seq2geno_temp/CH2522/spades/prokka/de_novo.gff
seq2geno_temp/ESP088/spades/prokka/de_novo.ffn
seq2geno_temp/ESP088/spades/prokka/de_novo.gff
seq2geno_temp/CH2500/spades/prokka/de_novo.ffn
seq2geno_temp/CH2500/spades/prokka/de_novo.gff
seq2geno_temp/MHH14911/spades/prokka/de_novo.ffn
seq2geno_temp/MHH14911/spades/prokka/de_novo.gff
seq2geno_temp/CH2500/bwa/cons.fa
seq2geno_temp/F2097/bwa/cons.fa
seq2geno_temp/MHH14911/bwa/cons.fa
seq2geno_temp/F2167/bwa/cons.fa
seq2geno_temp/F1659/bwa/cons.fa
seq2geno_temp/MHH15083/bwa/cons.fa
seq2geno_temp/MHH15103/bwa/cons.fa
seq2geno_temp/ESP088/bwa/cons.fa
seq2geno_temp/CH2502/bwa/cons.fa
seq2geno_temp/CH2522/bwa/cons.fa
annotations_for_snps.tab
seq2geno_temp/extracted_proteins_nt/__snakemake_dynamic__.vcf
seq2geno_temp/CH2500/bwa/vcf.gz.tbi
seq2geno_temp/reference.target_regions.fa
seq2geno_temp/F2097/bwa/vcf.gz.tbi
seq2geno_temp/MHH14911/bwa/vcf.gz.tbi
seq2geno_temp/F2167/bwa/vcf.gz.tbi
seq2geno_temp/F1659/bwa/vcf.gz.tbi
seq2geno_temp/MHH15083/bwa/vcf.gz.tbi
seq2geno_temp/MHH15103/bwa/vcf.gz.tbi
seq2geno_temp/ESP088/bwa/vcf.gz.tbi
seq2geno_temp/CH2502/bwa/vcf.gz.tbi
seq2geno_temp/CH2522/bwa/vcf.gz.tbi
seq2geno_temp/extracted_proteins_nt/__snakemake_dynamic__.aln
